
Microsoft Visual Studio Solution File, Format Version 12.00
# Visual Studio Version 16
VisualStudioVersion = 16.0.30104.148
MinimumVisualStudioVersion = 10.0.40219.1
Project("{FAE04EC0-301F-11D3-BF4B-00C04F79EFBC}") = "Atom", "Atom\Atom.csproj", "{D110A6D0-9F6E-4660-9BF3-ED52833FE46B}"
EndProject
Global
	GlobalSection(SolutionConfigurationPlatforms) = preSolution
		Debug|Any CPU = Debug|Any CPU
		Release|Any CPU = Release|Any CPU
	EndGlobalSection
	GlobalSection(ProjectConfigurationPlatforms) = postSolution
		{D110A6D0-9F6E-4660-9BF3-ED52833FE46B}.Debug|Any CPU.ActiveCfg = Debug|Any CPU
		{D110A6D0-9F6E-4660-9BF3-ED52833FE46B}.Debug|Any CPU.Build.0 = Debug|Any CPU
		{D110A6D0-9F6E-4660-9BF3-ED52833FE46B}.Release|Any CPU.ActiveCfg = Release|Any CPU
		{D110A6D0-9F6E-4660-9BF3-ED52833FE46B}.Release|Any CPU.Build.0 = Release|Any CPU
	EndGlobalSection
	GlobalSection(SolutionProperties) = preSolution
		HideSolutionNode = FALSE
	EndGlobalSection
	GlobalSection(ExtensibilityGlobals) = postSolution
		SolutionGuid = {707BE216-1502-44B1-A572-6AD486075480}
	EndGlobalSection
EndGlobal
